{
  "name": "nexus-lang",
  "version": "0.1.2",
  "lockfileVersion": 3,
  "requires": true,
  "packages": {
    "": {
      "name": "nexus-lang",
      "version": "0.1.2",
      "hasInstallScript": true,
      "license": "GPL-3.0",
      "bin": {
        "nexus": "npm/run.js"
      },
      "engines": {
        "node": ">=16"
      }
    }
  }
}
